
Microsoft Visual Studio Solution File, Format Version 12.00
# Visual Studio Version 17
VisualStudioVersion = 17.14.36414.22 d17.14
MinimumVisualStudioVersion = 10.0.40219.1
Project("{FAE04EC0-301F-11D3-BF4B-00C04F79EFBC}") = "MatchGame", "MatchGame.csproj", "{19CD0327-E40E-40ED-8E77-198FF6FF2D63}"
EndProject
Global
	GlobalSection(SolutionConfigurationPlatforms) = preSolution
		Debug|Any CPU = Debug|Any CPU
		Release|Any CPU = Release|Any CPU
	EndGlobalSection
	GlobalSection(ProjectConfigurationPlatforms) = postSolution
		{19CD0327-E40E-40ED-8E77-198FF6FF2D63}.Debug|Any CPU.ActiveCfg = Debug|Any CPU
		{19CD0327-E40E-40ED-8E77-198FF6FF2D63}.Debug|Any CPU.Build.0 = Debug|Any CPU
		{19CD0327-E40E-40ED-8E77-198FF6FF2D63}.Release|Any CPU.ActiveCfg = Release|Any CPU
		{19CD0327-E40E-40ED-8E77-198FF6FF2D63}.Release|Any CPU.Build.0 = Release|Any CPU
	EndGlobalSection
	GlobalSection(SolutionProperties) = preSolution
		HideSolutionNode = FALSE
	EndGlobalSection
	GlobalSection(ExtensibilityGlobals) = postSolution
		SolutionGuid = {1904A79D-DB36-45C7-BA99-4B3DE0219B3E}
	EndGlobalSection
EndGlobal
